# This file is automatically @generated by Cargo.
# It is not intended for manual editing.
version = 3

[[package]]
name = "arbitrary"
version = "1.2.3"
source = "registry+https://github.com/rust-lang/crates.io-index"
checksum = "3e90af4de65aa7b293ef2d09daff88501eb254f58edde2e1ac02c82d873eadad"

[[package]]
name = "cc"
version = "1.0.79"
source = "registry+https://github.com/rust-lang/crates.io-index"
checksum = "50d30906286121d95be3d479533b458f87493b30a4b5f79a607db8f5d11aa91f"
dependencies = [
 "jobserver",
]

[[package]]
name = "ctor"
version = "0.1.26"
source = "registry+https://github.com/rust-lang/crates.io-index"
checksum = "6d2301688392eb071b0bf1a37be05c469d3cc4dbbd95df672fe28ab021e6a096"
dependencies = [
 "quote",
 "syn",
]

[[package]]
name = "derive-debug-extras"
version = "0.2.2"
source = "registry+https://github.com/rust-lang/crates.io-index"
checksum = "f0e7a68c77a933db6b8907154fbd45f15f6ccc11f796b00b04354b8899d9d131"
dependencies = [
 "syn-helpers",
]

[[package]]
name = "derive-enum-from-into"
version = "0.1.1"
source = "registry+https://github.com/rust-lang/crates.io-index"
checksum = "adc2a1b7c0031fb651e9bc1fa4255da82747c187b9ac1dc36b3783d71fadd9d5"
dependencies = [
 "proc-macro2",
 "quote",
 "syn",
]

[[package]]
name = "derive-finite-automaton"
version = "0.1.0"
source = "registry+https://github.com/rust-lang/crates.io-index"
checksum = "547520acf7db9e4384e3734644acdee8edce4ff8da544afd2ef679e788b1cd9b"
dependencies = [
 "derive-finite-automaton-derive",
]

[[package]]
name = "derive-finite-automaton-derive"
version = "0.1.0"
source = "registry+https://github.com/rust-lang/crates.io-index"
checksum = "e1f1f1ef49cdc13ee8c642c6afa3e56fb3a082a48c89e3f75006cc00da6cce51"
dependencies = [
 "quote",
 "syn",
]

[[package]]
name = "derive-partial-eq-extras"
version = "0.1.2"
source = "registry+https://github.com/rust-lang/crates.io-index"
checksum = "98494f2b89f1fa56b5cff4c1a4beb84441d51b5042fb74a403a7d01ab5fd4a19"
dependencies = [
 "syn",
 "syn-helpers",
]

[[package]]
name = "diff"
version = "0.1.13"
source = "registry+https://github.com/rust-lang/crates.io-index"
checksum = "56254986775e3233ffa9c4d7d3faaf6d36a2c09d30b20687e9f88bc8bafc16c8"

[[package]]
name = "either_n"
version = "0.2.0"
source = "registry+https://github.com/rust-lang/crates.io-index"
checksum = "4c91ae510829160d5cfb19eb4ae7b6e01d44b767ca8f727c6cee936e53cc9ae5"

[[package]]
name = "enum-variants-strings"
version = "0.2.1"
source = "registry+https://github.com/rust-lang/crates.io-index"
checksum = "e7f7c8f6d8e447f53b18f59be2c5ac17a5f04f5ffc7c29163c40faf44225b201"
dependencies = [
 "enum-variants-strings-derive",
]

[[package]]
name = "enum-variants-strings-derive"
version = "0.2.1"
source = "registry+https://github.com/rust-lang/crates.io-index"
checksum = "8b0846fd54a75cab5c219037cd7f2353e2d5d6cd76429097632232ba2b1e7e2c"
dependencies = [
 "either_n",
 "proc-macro2",
 "quote",
 "syn",
]

[[package]]
name = "enum_variant_type"
version = "0.3.1"
source = "registry+https://github.com/rust-lang/crates.io-index"
checksum = "f7b4d0447be46f06039b1e13c5c77df8d9f9f37fa5fab578a1827b8f136aab64"
dependencies = [
 "proc-macro2",
 "proc_macro_roids",
 "quote",
 "syn",
]

[[package]]
name = "ezno-parser"
version = "0.0.1"
dependencies = [
 "derive-debug-extras",
 "derive-enum-from-into",
 "derive-finite-automaton",
 "derive-partial-eq-extras",
 "enum-variants-strings",
 "enum_variant_type",
 "ezno-parser-visitable-derive",
 "iterator-endiate",
 "self-rust-tokenize",
 "source-map",
 "temporary-annex",
 "tokenizer-lib",
]

[[package]]
name = "ezno-parser-fuzz"
version = "0.0.0"
dependencies = [
 "ezno-parser",
 "libfuzzer-sys",
 "pretty_assertions",
]

[[package]]
name = "ezno-parser-visitable-derive"
version = "0.0.1"
dependencies = [
 "syn-helpers",
]

[[package]]
name = "iterator-endiate"
version = "0.1.0"
source = "registry+https://github.com/rust-lang/crates.io-index"
checksum = "5cfeef3929ed54a0312797e6e75a9a962df67a30beda87029387e810e61a44cc"

[[package]]
name = "jobserver"
version = "0.1.26"
source = "registry+https://github.com/rust-lang/crates.io-index"
checksum = "936cfd212a0155903bcbc060e316fb6cc7cbf2e1907329391ebadc1fe0ce77c2"
dependencies = [
 "libc",
]

[[package]]
name = "lazy_static"
version = "1.4.0"
source = "registry+https://github.com/rust-lang/crates.io-index"
checksum = "e2abad23fbc42b3700f2f279844dc832adb2b2eb069b2df918f455c4e18cc646"

[[package]]
name = "libc"
version = "0.2.139"
source = "registry+https://github.com/rust-lang/crates.io-index"
checksum = "201de327520df007757c1f0adce6e827fe8562fbc28bfd9c15571c66ca1f5f79"

[[package]]
name = "libfuzzer-sys"
version = "0.4.6"
source = "registry+https://github.com/rust-lang/crates.io-index"
checksum = "beb09950ae85a0a94b27676cccf37da5ff13f27076aa1adbc6545dd0d0e1bd4e"
dependencies = [
 "arbitrary",
 "cc",
 "once_cell",
]

[[package]]
name = "once_cell"
version = "1.17.1"
source = "registry+https://github.com/rust-lang/crates.io-index"
checksum = "b7e5500299e16ebb147ae15a00a942af264cf3688f47923b8fc2cd5858f23ad3"

[[package]]
name = "output_vt100"
version = "0.1.3"
source = "registry+https://github.com/rust-lang/crates.io-index"
checksum = "628223faebab4e3e40667ee0b2336d34a5b960ff60ea743ddfdbcf7770bcfb66"
dependencies = [
 "winapi",
]

[[package]]
name = "pretty_assertions"
version = "1.3.0"
source = "registry+https://github.com/rust-lang/crates.io-index"
checksum = "a25e9bcb20aa780fd0bb16b72403a9064d6b3f22f026946029acb941a50af755"
dependencies = [
 "ctor",
 "diff",
 "output_vt100",
 "yansi",
]

[[package]]
name = "proc-macro2"
version = "1.0.51"
source = "registry+https://github.com/rust-lang/crates.io-index"
checksum = "5d727cae5b39d21da60fa540906919ad737832fe0b1c165da3a34d6548c849d6"
dependencies = [
 "unicode-ident",
]

[[package]]
name = "proc_macro_roids"
version = "0.7.0"
source = "registry+https://github.com/rust-lang/crates.io-index"
checksum = "06675fa2c577f52bcf77fbb511123927547d154faa08097cc012c66ec3c9611a"
dependencies = [
 "proc-macro2",
 "quote",
 "syn",
]

[[package]]
name = "quote"
version = "1.0.23"
source = "registry+https://github.com/rust-lang/crates.io-index"
checksum = "8856d8364d252a14d474036ea1358d63c9e6965c8e5c1885c18f73d70bff9c7b"
dependencies = [
 "proc-macro2",
]

[[package]]
name = "self-rust-tokenize"
version = "0.3.3"
source = "registry+https://github.com/rust-lang/crates.io-index"
checksum = "235c30ffb76b003dc69cc556d0d5ab8bb561a40572b1710fd641c69a3d6c4078"
dependencies = [
 "proc-macro2",
 "quote",
 "self-rust-tokenize-derive",
]

[[package]]
name = "self-rust-tokenize-derive"
version = "0.3.3"
source = "registry+https://github.com/rust-lang/crates.io-index"
checksum = "9e075556adeec065f185a7811a9808f8523c1299aa7e318b3dd7d1eb72417f6b"
dependencies = [
 "syn",
 "syn-helpers",
]

[[package]]
name = "serde"
version = "1.0.152"
source = "registry+https://github.com/rust-lang/crates.io-index"
checksum = "bb7d1f0d3021d347a83e556fc4683dea2ea09d87bccdf88ff5c12545d89d5efb"
dependencies = [
 "serde_derive",
]

[[package]]
name = "serde_derive"
version = "1.0.152"
source = "registry+https://github.com/rust-lang/crates.io-index"
checksum = "af487d118eecd09402d70a5d72551860e788df87b464af30e5ea6a38c75c541e"
dependencies = [
 "proc-macro2",
 "quote",
 "syn",
]

[[package]]
name = "source-map"
version = "0.11.3"
source = "registry+https://github.com/rust-lang/crates.io-index"
checksum = "ef719fab974d0ad7d0f888be47f711355c528fc2d28731d08bd59be1d6bd313b"
dependencies = [
 "lazy_static",
 "self-rust-tokenize",
 "serde",
]

[[package]]
name = "syn"
version = "1.0.109"
source = "registry+https://github.com/rust-lang/crates.io-index"
checksum = "72b64191b275b66ffe2469e8af2c1cfe3bafa67b529ead792a6d0160888b4237"
dependencies = [
 "proc-macro2",
 "quote",
 "unicode-ident",
]

[[package]]
name = "syn-helpers"
version = "0.4.3"
source = "registry+https://github.com/rust-lang/crates.io-index"
checksum = "aa475799705a9fba0e945f1268bc7264c56a4cdb2eb944dde2fb5fd51a3b64fd"
dependencies = [
 "either_n",
 "proc-macro2",
 "quote",
 "syn",
]

[[package]]
name = "temporary-annex"
version = "0.1.0"
source = "registry+https://github.com/rust-lang/crates.io-index"
checksum = "7e9c16d33fb2759286102fa235fd7029a8de2c2961165b2942c9cac81607a044"

[[package]]
name = "tokenizer-lib"
version = "1.5.0"
source = "registry+https://github.com/rust-lang/crates.io-index"
checksum = "921ae88b4cdbf7aa5bc708c9d02d37c194c3fc4189c9698320ef19968354d36a"

[[package]]
name = "unicode-ident"
version = "1.0.6"
source = "registry+https://github.com/rust-lang/crates.io-index"
checksum = "84a22b9f218b40614adcb3f4ff08b703773ad44fa9423e4e0d346d5db86e4ebc"

[[package]]
name = "winapi"
version = "0.3.9"
source = "registry+https://github.com/rust-lang/crates.io-index"
checksum = "5c839a674fcd7a98952e593242ea400abe93992746761e38641405d28b00f419"
dependencies = [
 "winapi-i686-pc-windows-gnu",
 "winapi-x86_64-pc-windows-gnu",
]

[[package]]
name = "winapi-i686-pc-windows-gnu"
version = "0.4.0"
source = "registry+https://github.com/rust-lang/crates.io-index"
checksum = "ac3b87c63620426dd9b991e5ce0329eff545bccbbb34f3be09ff6fb6ab51b7b6"

[[package]]
name = "winapi-x86_64-pc-windows-gnu"
version = "0.4.0"
source = "registry+https://github.com/rust-lang/crates.io-index"
checksum = "712e227841d057c1ee1cd2fb22fa7e5a5461ae8e48fa2ca79ec42cfc1931183f"

[[package]]
name = "yansi"
version = "0.5.1"
source = "registry+https://github.com/rust-lang/crates.io-index"
checksum = "09041cd90cf85f7f8b2df60c646f853b7f535ce68f85244eb6731cf89fa498ec"
