{
	"name": "ezno",
	"version": "0.0.8",
	"lockfileVersion": 3,
	"requires": true,
	"packages": {
		"": {
			"name": "ezno",
			"version": "0.0.8",
			"license": "MIT",
			"bin": {
				"ezno": "cli.js"
			},
			"funding": {
				"type": "individual",
				"url": "https://github.com/sponsors/kaleidawave"
			}
		}
	}
}
